
Microsoft Visual Studio Solution File, Format Version 12.00
# Visual Studio Version 17
VisualStudioVersion = 17.7.34031.279
MinimumVisualStudioVersion = 10.0.40219.1
Project("{FAE04EC0-301F-11D3-BF4B-00C04F79EFBC}") = "GrpcService", "GrpcService.csproj", "{0CEB7BC6-79A1-4B2A-B1D6-B376B66ED2AC}"
EndProject
Project("{FAE04EC0-301F-11D3-BF4B-00C04F79EFBC}") = "GrpcClient", "..\GrpcClient\GrpcClient.csproj", "{9D8765A2-5BB1-4178-B33B-E12F4611DE96}"
EndProject
Global
	GlobalSection(SolutionConfigurationPlatforms) = preSolution
		Debug|Any CPU = Debug|Any CPU
		Release|Any CPU = Release|Any CPU
	EndGlobalSection
	GlobalSection(ProjectConfigurationPlatforms) = postSolution
		{0CEB7BC6-79A1-4B2A-B1D6-B376B66ED2AC}.Debug|Any CPU.ActiveCfg = Debug|Any CPU
		{0CEB7BC6-79A1-4B2A-B1D6-B376B66ED2AC}.Debug|Any CPU.Build.0 = Debug|Any CPU
		{0CEB7BC6-79A1-4B2A-B1D6-B376B66ED2AC}.Release|Any CPU.ActiveCfg = Release|Any CPU
		{0CEB7BC6-79A1-4B2A-B1D6-B376B66ED2AC}.Release|Any CPU.Build.0 = Release|Any CPU
		{9D8765A2-5BB1-4178-B33B-E12F4611DE96}.Debug|Any CPU.ActiveCfg = Debug|Any CPU
		{9D8765A2-5BB1-4178-B33B-E12F4611DE96}.Debug|Any CPU.Build.0 = Debug|Any CPU
		{9D8765A2-5BB1-4178-B33B-E12F4611DE96}.Release|Any CPU.ActiveCfg = Release|Any CPU
		{9D8765A2-5BB1-4178-B33B-E12F4611DE96}.Release|Any CPU.Build.0 = Release|Any CPU
	EndGlobalSection
	GlobalSection(SolutionProperties) = preSolution
		HideSolutionNode = FALSE
	EndGlobalSection
	GlobalSection(ExtensibilityGlobals) = postSolution
		SolutionGuid = {268CD37D-2393-4EE5-8E39-5D385A51024D}
	EndGlobalSection
EndGlobal
